<Solution>
  <Project Path="01_static/01_static.csproj" />
  <Project Path="02_Operator_Overloading/02_Operator_Overloading.csproj" />
  <Project Path="03_Singleton/03_Singleton.csproj" />
  <Project Path="04_Nullable/04_Nullable.csproj" />
  <Project Path="05_Linq/05_Linq.csproj" />
  <Project Path="06_FileIO/06_FileIO.csproj" />
  <Project Path="07_PartialClass/07_PartialClass.csproj" />
</Solution>
